{
  "version": 4,
  "terraform_version": "1.1.4",
  "serial": 302,
  "lineage": "9660ba36-cdb9-7914-7dd0-1904d7b519eb",
  "outputs": {},
  "resources": [
    {
      "mode": "managed",
      "type": "guacamole_connection_rdp",
      "name": "connection",
      "provider": "provider[\"registry.terraform.io/techbeck03/guacamole\"]",
      "instances": [
        {
          "index_key": 0,
          "schema_version": 0,
          "attributes": {
            "active_connections": 0,
            "attributes": [
              {
                "failover_only": false,
                "guacd_encryption": "",
                "guacd_hostname": "",
                "guacd_port": "",
                "max_connections": "1",
                "max_connections_per_user": "1",
                "weight": ""
              }
            ],
            "id": "58",
            "identifier": "58",
            "name": "ecommerce-01",
            "parameters": [
              {
                "administrator_console": false,
                "client_name": "",
                "color_depth": "24",
                "console_audio": false,
                "create_drive_path": false,
                "disable_audio": false,
                "disable_authentication": false,
                "disable_bitmap_caching": false,
                "disable_copy": false,
                "disable_file_download": false,
                "disable_file_upload": false,
                "disable_glyph_caching": false,
                "disable_offscreen_caching": false,
                "disable_paste": false,
                "domain": "",
                "dpi": "",
                "drive_name": "",
                "drive_path": "",
                "enable_audio_input": false,
                "enable_desktop_composition": false,
                "enable_drive": false,
                "enable_font_smoothing": false,
                "enable_full_window_drag": false,
                "enable_menu_animations": false,
                "enable_printing": false,
                "enable_theming": false,
                "enable_wallpaper": true,
                "gateway_domain": "",
                "gateway_hostname": "",
                "gateway_password": "",
                "gateway_port": "",
                "gateway_username": "",
                "height": "",
                "hostname": "172.19.10.1",
                "ignore_cert": false,
                "initial_program": "",
                "keyboard_layout": "",
                "load_balance_info": "",
                "password": "geheim",
                "port": "3389",
                "preconnection_blob": "",
                "preconnection_id": "",
                "printer_name": "",
                "readonly": false,
                "recording_auto_create_path": false,
                "recording_exclude_mouse": false,
                "recording_exclude_output": false,
                "recording_include_keys": false,
                "recording_name": "",
                "recording_path": "",
                "remote_app": "",
                "remote_app_parameters": "",
                "remote_app_working_directory": "",
                "resize_method": "display-update",
                "security_mode": "",
                "sftp_disable_file_download": false,
                "sftp_disable_file_upload": false,
                "sftp_enable": false,
                "sftp_host_key": "",
                "sftp_hostname": "",
                "sftp_keepalive_interval": "",
                "sftp_passphrase": "",
                "sftp_password": "",
                "sftp_port": "",
                "sftp_private_key": "",
                "sftp_root_directory": "",
                "sftp_upload_directory": "",
                "sftp_username": "",
                "static_channels": "",
                "timezone": "Europe/Berlin",
                "username": "ecommerce-01",
                "width": "",
                "wol_boot_wait_time": "",
                "wol_broadcast_address": "",
                "wol_mac_address": "",
                "wol_send_packet": false
              }
            ],
            "parent_identifier": "ROOT",
            "protocol": "rdp"
          },
          "sensitive_attributes": [],
          "private": "bnVsbA=="
        },
        {
          "index_key": 1,
          "schema_version": 0,
          "attributes": {
            "active_connections": 0,
            "attributes": [
              {
                "failover_only": false,
                "guacd_encryption": "",
                "guacd_hostname": "",
                "guacd_port": "",
                "max_connections": "1",
                "max_connections_per_user": "1",
                "weight": ""
              }
            ],
            "id": "57",
            "identifier": "57",
            "name": "ecommerce-02",
            "parameters": [
              {
                "administrator_console": false,
                "client_name": "",
                "color_depth": "24",
                "console_audio": false,
                "create_drive_path": false,
                "disable_audio": false,
                "disable_authentication": false,
                "disable_bitmap_caching": false,
                "disable_copy": false,
                "disable_file_download": false,
                "disable_file_upload": false,
                "disable_glyph_caching": false,
                "disable_offscreen_caching": false,
                "disable_paste": false,
                "domain": "",
                "dpi": "",
                "drive_name": "",
                "drive_path": "",
                "enable_audio_input": false,
                "enable_desktop_composition": false,
                "enable_drive": false,
                "enable_font_smoothing": false,
                "enable_full_window_drag": false,
                "enable_menu_animations": false,
                "enable_printing": false,
                "enable_theming": false,
                "enable_wallpaper": true,
                "gateway_domain": "",
                "gateway_hostname": "",
                "gateway_password": "",
                "gateway_port": "",
                "gateway_username": "",
                "height": "",
                "hostname": "172.19.10.2",
                "ignore_cert": false,
                "initial_program": "",
                "keyboard_layout": "",
                "load_balance_info": "",
                "password": "geheim",
                "port": "3389",
                "preconnection_blob": "",
                "preconnection_id": "",
                "printer_name": "",
                "readonly": false,
                "recording_auto_create_path": false,
                "recording_exclude_mouse": false,
                "recording_exclude_output": false,
                "recording_include_keys": false,
                "recording_name": "",
                "recording_path": "",
                "remote_app": "",
                "remote_app_parameters": "",
                "remote_app_working_directory": "",
                "resize_method": "display-update",
                "security_mode": "",
                "sftp_disable_file_download": false,
                "sftp_disable_file_upload": false,
                "sftp_enable": false,
                "sftp_host_key": "",
                "sftp_hostname": "",
                "sftp_keepalive_interval": "",
                "sftp_passphrase": "",
                "sftp_password": "",
                "sftp_port": "",
                "sftp_private_key": "",
                "sftp_root_directory": "",
                "sftp_upload_directory": "",
                "sftp_username": "",
                "static_channels": "",
                "timezone": "Europe/Berlin",
                "username": "ecommerce-02",
                "width": "",
                "wol_boot_wait_time": "",
                "wol_broadcast_address": "",
                "wol_mac_address": "",
                "wol_send_packet": false
              }
            ],
            "parent_identifier": "ROOT",
            "protocol": "rdp"
          },
          "sensitive_attributes": [],
          "private": "bnVsbA=="
        },
        {
          "index_key": 2,
          "schema_version": 0,
          "attributes": {
            "active_connections": 0,
            "attributes": [
              {
                "failover_only": false,
                "guacd_encryption": "",
                "guacd_hostname": "",
                "guacd_port": "",
                "max_connections": "1",
                "max_connections_per_user": "1",
                "weight": ""
              }
            ],
            "id": "52",
            "identifier": "52",
            "name": "ecommerce-03",
            "parameters": [
              {
                "administrator_console": false,
                "client_name": "",
                "color_depth": "24",
                "console_audio": false,
                "create_drive_path": false,
                "disable_audio": false,
                "disable_authentication": false,
                "disable_bitmap_caching": false,
                "disable_copy": false,
                "disable_file_download": false,
                "disable_file_upload": false,
                "disable_glyph_caching": false,
                "disable_offscreen_caching": false,
                "disable_paste": false,
                "domain": "",
                "dpi": "",
                "drive_name": "",
                "drive_path": "",
                "enable_audio_input": false,
                "enable_desktop_composition": false,
                "enable_drive": false,
                "enable_font_smoothing": false,
                "enable_full_window_drag": false,
                "enable_menu_animations": false,
                "enable_printing": false,
                "enable_theming": false,
                "enable_wallpaper": true,
                "gateway_domain": "",
                "gateway_hostname": "",
                "gateway_password": "",
                "gateway_port": "",
                "gateway_username": "",
                "height": "",
                "hostname": "172.19.10.3",
                "ignore_cert": false,
                "initial_program": "",
                "keyboard_layout": "",
                "load_balance_info": "",
                "password": "geheim",
                "port": "3389",
                "preconnection_blob": "",
                "preconnection_id": "",
                "printer_name": "",
                "readonly": false,
                "recording_auto_create_path": false,
                "recording_exclude_mouse": false,
                "recording_exclude_output": false,
                "recording_include_keys": false,
                "recording_name": "",
                "recording_path": "",
                "remote_app": "",
                "remote_app_parameters": "",
                "remote_app_working_directory": "",
                "resize_method": "display-update",
                "security_mode": "",
                "sftp_disable_file_download": false,
                "sftp_disable_file_upload": false,
                "sftp_enable": false,
                "sftp_host_key": "",
                "sftp_hostname": "",
                "sftp_keepalive_interval": "",
                "sftp_passphrase": "",
                "sftp_password": "",
                "sftp_port": "",
                "sftp_private_key": "",
                "sftp_root_directory": "",
                "sftp_upload_directory": "",
                "sftp_username": "",
                "static_channels": "",
                "timezone": "Europe/Berlin",
                "username": "ecommerce-03",
                "width": "",
                "wol_boot_wait_time": "",
                "wol_broadcast_address": "",
                "wol_mac_address": "",
                "wol_send_packet": false
              }
            ],
            "parent_identifier": "ROOT",
            "protocol": "rdp"
          },
          "sensitive_attributes": [],
          "private": "bnVsbA=="
        },
        {
          "index_key": 3,
          "schema_version": 0,
          "attributes": {
            "active_connections": 0,
            "attributes": [
              {
                "failover_only": false,
                "guacd_encryption": "",
                "guacd_hostname": "",
                "guacd_port": "",
                "max_connections": "1",
                "max_connections_per_user": "1",
                "weight": ""
              }
            ],
            "id": "55",
            "identifier": "55",
            "name": "ecommerce-04",
            "parameters": [
              {
                "administrator_console": false,
                "client_name": "",
                "color_depth": "24",
                "console_audio": false,
                "create_drive_path": false,
                "disable_audio": false,
                "disable_authentication": false,
                "disable_bitmap_caching": false,
                "disable_copy": false,
                "disable_file_download": false,
                "disable_file_upload": false,
                "disable_glyph_caching": false,
                "disable_offscreen_caching": false,
                "disable_paste": false,
                "domain": "",
                "dpi": "",
                "drive_name": "",
                "drive_path": "",
                "enable_audio_input": false,
                "enable_desktop_composition": false,
                "enable_drive": false,
                "enable_font_smoothing": false,
                "enable_full_window_drag": false,
                "enable_menu_animations": false,
                "enable_printing": false,
                "enable_theming": false,
                "enable_wallpaper": true,
                "gateway_domain": "",
                "gateway_hostname": "",
                "gateway_password": "",
                "gateway_port": "",
                "gateway_username": "",
                "height": "",
                "hostname": "172.19.10.4",
                "ignore_cert": false,
                "initial_program": "",
                "keyboard_layout": "",
                "load_balance_info": "",
                "password": "geheim",
                "port": "3389",
                "preconnection_blob": "",
                "preconnection_id": "",
                "printer_name": "",
                "readonly": false,
                "recording_auto_create_path": false,
                "recording_exclude_mouse": false,
                "recording_exclude_output": false,
                "recording_include_keys": false,
                "recording_name": "",
                "recording_path": "",
                "remote_app": "",
                "remote_app_parameters": "",
                "remote_app_working_directory": "",
                "resize_method": "display-update",
                "security_mode": "",
                "sftp_disable_file_download": false,
                "sftp_disable_file_upload": false,
                "sftp_enable": false,
                "sftp_host_key": "",
                "sftp_hostname": "",
                "sftp_keepalive_interval": "",
                "sftp_passphrase": "",
                "sftp_password": "",
                "sftp_port": "",
                "sftp_private_key": "",
                "sftp_root_directory": "",
                "sftp_upload_directory": "",
                "sftp_username": "",
                "static_channels": "",
                "timezone": "Europe/Berlin",
                "username": "ecommerce-04",
                "width": "",
                "wol_boot_wait_time": "",
                "wol_broadcast_address": "",
                "wol_mac_address": "",
                "wol_send_packet": false
              }
            ],
            "parent_identifier": "ROOT",
            "protocol": "rdp"
          },
          "sensitive_attributes": [],
          "private": "bnVsbA=="
        },
        {
          "index_key": 4,
          "schema_version": 0,
          "attributes": {
            "active_connections": 0,
            "attributes": [
              {
                "failover_only": false,
                "guacd_encryption": "",
                "guacd_hostname": "",
                "guacd_port": "",
                "max_connections": "1",
                "max_connections_per_user": "1",
                "weight": ""
              }
            ],
            "id": "54",
            "identifier": "54",
            "name": "ecommerce-05",
            "parameters": [
              {
                "administrator_console": false,
                "client_name": "",
                "color_depth": "24",
                "console_audio": false,
                "create_drive_path": false,
                "disable_audio": false,
                "disable_authentication": false,
                "disable_bitmap_caching": false,
                "disable_copy": false,
                "disable_file_download": false,
                "disable_file_upload": false,
                "disable_glyph_caching": false,
                "disable_offscreen_caching": false,
                "disable_paste": false,
                "domain": "",
                "dpi": "",
                "drive_name": "",
                "drive_path": "",
                "enable_audio_input": false,
                "enable_desktop_composition": false,
                "enable_drive": false,
                "enable_font_smoothing": false,
                "enable_full_window_drag": false,
                "enable_menu_animations": false,
                "enable_printing": false,
                "enable_theming": false,
                "enable_wallpaper": true,
                "gateway_domain": "",
                "gateway_hostname": "",
                "gateway_password": "",
                "gateway_port": "",
                "gateway_username": "",
                "height": "",
                "hostname": "172.19.10.5",
                "ignore_cert": false,
                "initial_program": "",
                "keyboard_layout": "",
                "load_balance_info": "",
                "password": "geheim",
                "port": "3389",
                "preconnection_blob": "",
                "preconnection_id": "",
                "printer_name": "",
                "readonly": false,
                "recording_auto_create_path": false,
                "recording_exclude_mouse": false,
                "recording_exclude_output": false,
                "recording_include_keys": false,
                "recording_name": "",
                "recording_path": "",
                "remote_app": "",
                "remote_app_parameters": "",
                "remote_app_working_directory": "",
                "resize_method": "display-update",
                "security_mode": "",
                "sftp_disable_file_download": false,
                "sftp_disable_file_upload": false,
                "sftp_enable": false,
                "sftp_host_key": "",
                "sftp_hostname": "",
                "sftp_keepalive_interval": "",
                "sftp_passphrase": "",
                "sftp_password": "",
                "sftp_port": "",
                "sftp_private_key": "",
                "sftp_root_directory": "",
                "sftp_upload_directory": "",
                "sftp_username": "",
                "static_channels": "",
                "timezone": "Europe/Berlin",
                "username": "ecommerce-05",
                "width": "",
                "wol_boot_wait_time": "",
                "wol_broadcast_address": "",
                "wol_mac_address": "",
                "wol_send_packet": false
              }
            ],
            "parent_identifier": "ROOT",
            "protocol": "rdp"
          },
          "sensitive_attributes": [],
          "private": "bnVsbA=="
        },
        {
          "index_key": 5,
          "schema_version": 0,
          "attributes": {
            "active_connections": 0,
            "attributes": [
              {
                "failover_only": false,
                "guacd_encryption": "",
                "guacd_hostname": "",
                "guacd_port": "",
                "max_connections": "1",
                "max_connections_per_user": "1",
                "weight": ""
              }
            ],
            "id": "56",
            "identifier": "56",
            "name": "ecommerce-06",
            "parameters": [
              {
                "administrator_console": false,
                "client_name": "",
                "color_depth": "24",
                "console_audio": false,
                "create_drive_path": false,
                "disable_audio": false,
                "disable_authentication": false,
                "disable_bitmap_caching": false,
                "disable_copy": false,
                "disable_file_download": false,
                "disable_file_upload": false,
                "disable_glyph_caching": false,
                "disable_offscreen_caching": false,
                "disable_paste": false,
                "domain": "",
                "dpi": "",
                "drive_name": "",
                "drive_path": "",
                "enable_audio_input": false,
                "enable_desktop_composition": false,
                "enable_drive": false,
                "enable_font_smoothing": false,
                "enable_full_window_drag": false,
                "enable_menu_animations": false,
                "enable_printing": false,
                "enable_theming": false,
                "enable_wallpaper": true,
                "gateway_domain": "",
                "gateway_hostname": "",
                "gateway_password": "",
                "gateway_port": "",
                "gateway_username": "",
                "height": "",
                "hostname": "172.19.10.6",
                "ignore_cert": false,
                "initial_program": "",
                "keyboard_layout": "",
                "load_balance_info": "",
                "password": "geheim",
                "port": "3389",
                "preconnection_blob": "",
                "preconnection_id": "",
                "printer_name": "",
                "readonly": false,
                "recording_auto_create_path": false,
                "recording_exclude_mouse": false,
                "recording_exclude_output": false,
                "recording_include_keys": false,
                "recording_name": "",
                "recording_path": "",
                "remote_app": "",
                "remote_app_parameters": "",
                "remote_app_working_directory": "",
                "resize_method": "display-update",
                "security_mode": "",
                "sftp_disable_file_download": false,
                "sftp_disable_file_upload": false,
                "sftp_enable": false,
                "sftp_host_key": "",
                "sftp_hostname": "",
                "sftp_keepalive_interval": "",
                "sftp_passphrase": "",
                "sftp_password": "",
                "sftp_port": "",
                "sftp_private_key": "",
                "sftp_root_directory": "",
                "sftp_upload_directory": "",
                "sftp_username": "",
                "static_channels": "",
                "timezone": "Europe/Berlin",
                "username": "ecommerce-06",
                "width": "",
                "wol_boot_wait_time": "",
                "wol_broadcast_address": "",
                "wol_mac_address": "",
                "wol_send_packet": false
              }
            ],
            "parent_identifier": "ROOT",
            "protocol": "rdp"
          },
          "sensitive_attributes": [],
          "private": "bnVsbA=="
        },
        {
          "index_key": 6,
          "schema_version": 0,
          "attributes": {
            "active_connections": 0,
            "attributes": [
              {
                "failover_only": false,
                "guacd_encryption": "",
                "guacd_hostname": "",
                "guacd_port": "",
                "max_connections": "1",
                "max_connections_per_user": "1",
                "weight": ""
              }
            ],
            "id": "59",
            "identifier": "59",
            "name": "ecommerce-07",
            "parameters": [
              {
                "administrator_console": false,
                "client_name": "",
                "color_depth": "24",
                "console_audio": false,
                "create_drive_path": false,
                "disable_audio": false,
                "disable_authentication": false,
                "disable_bitmap_caching": false,
                "disable_copy": false,
                "disable_file_download": false,
                "disable_file_upload": false,
                "disable_glyph_caching": false,
                "disable_offscreen_caching": false,
                "disable_paste": false,
                "domain": "",
                "dpi": "",
                "drive_name": "",
                "drive_path": "",
                "enable_audio_input": false,
                "enable_desktop_composition": false,
                "enable_drive": false,
                "enable_font_smoothing": false,
                "enable_full_window_drag": false,
                "enable_menu_animations": false,
                "enable_printing": false,
                "enable_theming": false,
                "enable_wallpaper": true,
                "gateway_domain": "",
                "gateway_hostname": "",
                "gateway_password": "",
                "gateway_port": "",
                "gateway_username": "",
                "height": "",
                "hostname": "172.19.10.7",
                "ignore_cert": false,
                "initial_program": "",
                "keyboard_layout": "",
                "load_balance_info": "",
                "password": "geheim",
                "port": "3389",
                "preconnection_blob": "",
                "preconnection_id": "",
                "printer_name": "",
                "readonly": false,
                "recording_auto_create_path": false,
                "recording_exclude_mouse": false,
                "recording_exclude_output": false,
                "recording_include_keys": false,
                "recording_name": "",
                "recording_path": "",
                "remote_app": "",
                "remote_app_parameters": "",
                "remote_app_working_directory": "",
                "resize_method": "display-update",
                "security_mode": "",
                "sftp_disable_file_download": false,
                "sftp_disable_file_upload": false,
                "sftp_enable": false,
                "sftp_host_key": "",
                "sftp_hostname": "",
                "sftp_keepalive_interval": "",
                "sftp_passphrase": "",
                "sftp_password": "",
                "sftp_port": "",
                "sftp_private_key": "",
                "sftp_root_directory": "",
                "sftp_upload_directory": "",
                "sftp_username": "",
                "static_channels": "",
                "timezone": "Europe/Berlin",
                "username": "ecommerce-07",
                "width": "",
                "wol_boot_wait_time": "",
                "wol_broadcast_address": "",
                "wol_mac_address": "",
                "wol_send_packet": false
              }
            ],
            "parent_identifier": "ROOT",
            "protocol": "rdp"
          },
          "sensitive_attributes": [],
          "private": "bnVsbA=="
        },
        {
          "index_key": 7,
          "schema_version": 0,
          "attributes": {
            "active_connections": 0,
            "attributes": [
              {
                "failover_only": false,
                "guacd_encryption": "",
                "guacd_hostname": "",
                "guacd_port": "",
                "max_connections": "1",
                "max_connections_per_user": "1",
                "weight": ""
              }
            ],
            "id": "50",
            "identifier": "50",
            "name": "ecommerce-08",
            "parameters": [
              {
                "administrator_console": false,
                "client_name": "",
                "color_depth": "24",
                "console_audio": false,
                "create_drive_path": false,
                "disable_audio": false,
                "disable_authentication": false,
                "disable_bitmap_caching": false,
                "disable_copy": false,
                "disable_file_download": false,
                "disable_file_upload": false,
                "disable_glyph_caching": false,
                "disable_offscreen_caching": false,
                "disable_paste": false,
                "domain": "",
                "dpi": "",
                "drive_name": "",
                "drive_path": "",
                "enable_audio_input": false,
                "enable_desktop_composition": false,
                "enable_drive": false,
                "enable_font_smoothing": false,
                "enable_full_window_drag": false,
                "enable_menu_animations": false,
                "enable_printing": false,
                "enable_theming": false,
                "enable_wallpaper": true,
                "gateway_domain": "",
                "gateway_hostname": "",
                "gateway_password": "",
                "gateway_port": "",
                "gateway_username": "",
                "height": "",
                "hostname": "172.19.10.8",
                "ignore_cert": false,
                "initial_program": "",
                "keyboard_layout": "",
                "load_balance_info": "",
                "password": "geheim",
                "port": "3389",
                "preconnection_blob": "",
                "preconnection_id": "",
                "printer_name": "",
                "readonly": false,
                "recording_auto_create_path": false,
                "recording_exclude_mouse": false,
                "recording_exclude_output": false,
                "recording_include_keys": false,
                "recording_name": "",
                "recording_path": "",
                "remote_app": "",
                "remote_app_parameters": "",
                "remote_app_working_directory": "",
                "resize_method": "display-update",
                "security_mode": "",
                "sftp_disable_file_download": false,
                "sftp_disable_file_upload": false,
                "sftp_enable": false,
                "sftp_host_key": "",
                "sftp_hostname": "",
                "sftp_keepalive_interval": "",
                "sftp_passphrase": "",
                "sftp_password": "",
                "sftp_port": "",
                "sftp_private_key": "",
                "sftp_root_directory": "",
                "sftp_upload_directory": "",
                "sftp_username": "",
                "static_channels": "",
                "timezone": "Europe/Berlin",
                "username": "ecommerce-08",
                "width": "",
                "wol_boot_wait_time": "",
                "wol_broadcast_address": "",
                "wol_mac_address": "",
                "wol_send_packet": false
              }
            ],
            "parent_identifier": "ROOT",
            "protocol": "rdp"
          },
          "sensitive_attributes": [],
          "private": "bnVsbA=="
        },
        {
          "index_key": 8,
          "schema_version": 0,
          "attributes": {
            "active_connections": 0,
            "attributes": [
              {
                "failover_only": false,
                "guacd_encryption": "",
                "guacd_hostname": "",
                "guacd_port": "",
                "max_connections": "1",
                "max_connections_per_user": "1",
                "weight": ""
              }
            ],
            "id": "51",
            "identifier": "51",
            "name": "ecommerce-09",
            "parameters": [
              {
                "administrator_console": false,
                "client_name": "",
                "color_depth": "24",
                "console_audio": false,
                "create_drive_path": false,
                "disable_audio": false,
                "disable_authentication": false,
                "disable_bitmap_caching": false,
                "disable_copy": false,
                "disable_file_download": false,
                "disable_file_upload": false,
                "disable_glyph_caching": false,
                "disable_offscreen_caching": false,
                "disable_paste": false,
                "domain": "",
                "dpi": "",
                "drive_name": "",
                "drive_path": "",
                "enable_audio_input": false,
                "enable_desktop_composition": false,
                "enable_drive": false,
                "enable_font_smoothing": false,
                "enable_full_window_drag": false,
                "enable_menu_animations": false,
                "enable_printing": false,
                "enable_theming": false,
                "enable_wallpaper": true,
                "gateway_domain": "",
                "gateway_hostname": "",
                "gateway_password": "",
                "gateway_port": "",
                "gateway_username": "",
                "height": "",
                "hostname": "172.19.10.9",
                "ignore_cert": false,
                "initial_program": "",
                "keyboard_layout": "",
                "load_balance_info": "",
                "password": "geheim",
                "port": "3389",
                "preconnection_blob": "",
                "preconnection_id": "",
                "printer_name": "",
                "readonly": false,
                "recording_auto_create_path": false,
                "recording_exclude_mouse": false,
                "recording_exclude_output": false,
                "recording_include_keys": false,
                "recording_name": "",
                "recording_path": "",
                "remote_app": "",
                "remote_app_parameters": "",
                "remote_app_working_directory": "",
                "resize_method": "display-update",
                "security_mode": "",
                "sftp_disable_file_download": false,
                "sftp_disable_file_upload": false,
                "sftp_enable": false,
                "sftp_host_key": "",
                "sftp_hostname": "",
                "sftp_keepalive_interval": "",
                "sftp_passphrase": "",
                "sftp_password": "",
                "sftp_port": "",
                "sftp_private_key": "",
                "sftp_root_directory": "",
                "sftp_upload_directory": "",
                "sftp_username": "",
                "static_channels": "",
                "timezone": "Europe/Berlin",
                "username": "ecommerce-09",
                "width": "",
                "wol_boot_wait_time": "",
                "wol_broadcast_address": "",
                "wol_mac_address": "",
                "wol_send_packet": false
              }
            ],
            "parent_identifier": "ROOT",
            "protocol": "rdp"
          },
          "sensitive_attributes": [],
          "private": "bnVsbA=="
        },
        {
          "index_key": 9,
          "schema_version": 0,
          "attributes": {
            "active_connections": 0,
            "attributes": [
              {
                "failover_only": false,
                "guacd_encryption": "",
                "guacd_hostname": "",
                "guacd_port": "",
                "max_connections": "1",
                "max_connections_per_user": "1",
                "weight": ""
              }
            ],
            "id": "53",
            "identifier": "53",
            "name": "ecommerce-10",
            "parameters": [
              {
                "administrator_console": false,
                "client_name": "",
                "color_depth": "24",
                "console_audio": false,
                "create_drive_path": false,
                "disable_audio": false,
                "disable_authentication": false,
                "disable_bitmap_caching": false,
                "disable_copy": false,
                "disable_file_download": false,
                "disable_file_upload": false,
                "disable_glyph_caching": false,
                "disable_offscreen_caching": false,
                "disable_paste": false,
                "domain": "",
                "dpi": "",
                "drive_name": "",
                "drive_path": "",
                "enable_audio_input": false,
                "enable_desktop_composition": false,
                "enable_drive": false,
                "enable_font_smoothing": false,
                "enable_full_window_drag": false,
                "enable_menu_animations": false,
                "enable_printing": false,
                "enable_theming": false,
                "enable_wallpaper": true,
                "gateway_domain": "",
                "gateway_hostname": "",
                "gateway_password": "",
                "gateway_port": "",
                "gateway_username": "",
                "height": "",
                "hostname": "172.19.10.10",
                "ignore_cert": false,
                "initial_program": "",
                "keyboard_layout": "",
                "load_balance_info": "",
                "password": "geheim",
                "port": "3389",
                "preconnection_blob": "",
                "preconnection_id": "",
                "printer_name": "",
                "readonly": false,
                "recording_auto_create_path": false,
                "recording_exclude_mouse": false,
                "recording_exclude_output": false,
                "recording_include_keys": false,
                "recording_name": "",
                "recording_path": "",
                "remote_app": "",
                "remote_app_parameters": "",
                "remote_app_working_directory": "",
                "resize_method": "display-update",
                "security_mode": "",
                "sftp_disable_file_download": false,
                "sftp_disable_file_upload": false,
                "sftp_enable": false,
                "sftp_host_key": "",
                "sftp_hostname": "",
                "sftp_keepalive_interval": "",
                "sftp_passphrase": "",
                "sftp_password": "",
                "sftp_port": "",
                "sftp_private_key": "",
                "sftp_root_directory": "",
                "sftp_upload_directory": "",
                "sftp_username": "",
                "static_channels": "",
                "timezone": "Europe/Berlin",
                "username": "ecommerce-10",
                "width": "",
                "wol_boot_wait_time": "",
                "wol_broadcast_address": "",
                "wol_mac_address": "",
                "wol_send_packet": false
              }
            ],
            "parent_identifier": "ROOT",
            "protocol": "rdp"
          },
          "sensitive_attributes": [],
          "private": "bnVsbA=="
        }
      ]
    },
    {
      "mode": "managed",
      "type": "guacamole_user",
      "name": "user",
      "provider": "provider[\"registry.terraform.io/techbeck03/guacamole\"]",
      "instances": [
        {
          "index_key": 0,
          "schema_version": 0,
          "attributes": {
            "attributes": [
              {
                "access_window_end": "",
                "access_window_start": "",
                "disabled": false,
                "email": "",
                "expired": false,
                "full_name": "Schulungsteilnehmer 01",
                "organizational_role": "",
                "timezone": "Europe/Berlin",
                "valid_from": "",
                "valid_until": ""
              }
            ],
            "connection_groups": [],
            "connections": [
              "58"
            ],
            "group_membership": [],
            "id": "ecommerce-01",
            "last_active": "0",
            "password": "",
            "system_permissions": [],
            "username": "ecommerce-01"
          },
          "sensitive_attributes": [],
          "private": "bnVsbA==",
          "dependencies": [
            "guacamole_connection_rdp.connection"
          ]
        },
        {
          "index_key": 1,
          "schema_version": 0,
          "attributes": {
            "attributes": [
              {
                "access_window_end": "",
                "access_window_start": "",
                "disabled": false,
                "email": "",
                "expired": false,
                "full_name": "Schulungsteilnehmer 02",
                "organizational_role": "",
                "timezone": "Europe/Berlin",
                "valid_from": "",
                "valid_until": ""
              }
            ],
            "connection_groups": [],
            "connections": [
              "57"
            ],
            "group_membership": [],
            "id": "ecommerce-02",
            "last_active": "0",
            "password": "",
            "system_permissions": [],
            "username": "ecommerce-02"
          },
          "sensitive_attributes": [],
          "private": "bnVsbA==",
          "dependencies": [
            "guacamole_connection_rdp.connection"
          ]
        },
        {
          "index_key": 2,
          "schema_version": 0,
          "attributes": {
            "attributes": [
              {
                "access_window_end": "",
                "access_window_start": "",
                "disabled": false,
                "email": "",
                "expired": false,
                "full_name": "Schulungsteilnehmer 03",
                "organizational_role": "",
                "timezone": "Europe/Berlin",
                "valid_from": "",
                "valid_until": ""
              }
            ],
            "connection_groups": [],
            "connections": [
              "52"
            ],
            "group_membership": [],
            "id": "ecommerce-03",
            "last_active": "0",
            "password": "",
            "system_permissions": [],
            "username": "ecommerce-03"
          },
          "sensitive_attributes": [],
          "private": "bnVsbA==",
          "dependencies": [
            "guacamole_connection_rdp.connection"
          ]
        },
        {
          "index_key": 3,
          "schema_version": 0,
          "attributes": {
            "attributes": [
              {
                "access_window_end": "",
                "access_window_start": "",
                "disabled": false,
                "email": "",
                "expired": false,
                "full_name": "Schulungsteilnehmer 04",
                "organizational_role": "",
                "timezone": "Europe/Berlin",
                "valid_from": "",
                "valid_until": ""
              }
            ],
            "connection_groups": [],
            "connections": [
              "55"
            ],
            "group_membership": [],
            "id": "ecommerce-04",
            "last_active": "0",
            "password": "",
            "system_permissions": [],
            "username": "ecommerce-04"
          },
          "sensitive_attributes": [],
          "private": "bnVsbA==",
          "dependencies": [
            "guacamole_connection_rdp.connection"
          ]
        },
        {
          "index_key": 4,
          "schema_version": 0,
          "attributes": {
            "attributes": [
              {
                "access_window_end": "",
                "access_window_start": "",
                "disabled": false,
                "email": "",
                "expired": false,
                "full_name": "Schulungsteilnehmer 05",
                "organizational_role": "",
                "timezone": "Europe/Berlin",
                "valid_from": "",
                "valid_until": ""
              }
            ],
            "connection_groups": [],
            "connections": [
              "54"
            ],
            "group_membership": [],
            "id": "ecommerce-05",
            "last_active": "0",
            "password": "",
            "system_permissions": [],
            "username": "ecommerce-05"
          },
          "sensitive_attributes": [],
          "private": "bnVsbA==",
          "dependencies": [
            "guacamole_connection_rdp.connection"
          ]
        },
        {
          "index_key": 5,
          "schema_version": 0,
          "attributes": {
            "attributes": [
              {
                "access_window_end": "",
                "access_window_start": "",
                "disabled": false,
                "email": "",
                "expired": false,
                "full_name": "Schulungsteilnehmer 06",
                "organizational_role": "",
                "timezone": "Europe/Berlin",
                "valid_from": "",
                "valid_until": ""
              }
            ],
            "connection_groups": [],
            "connections": [
              "56"
            ],
            "group_membership": [],
            "id": "ecommerce-06",
            "last_active": "0",
            "password": "",
            "system_permissions": [],
            "username": "ecommerce-06"
          },
          "sensitive_attributes": [],
          "private": "bnVsbA==",
          "dependencies": [
            "guacamole_connection_rdp.connection"
          ]
        },
        {
          "index_key": 6,
          "schema_version": 0,
          "attributes": {
            "attributes": [
              {
                "access_window_end": "",
                "access_window_start": "",
                "disabled": false,
                "email": "",
                "expired": false,
                "full_name": "Schulungsteilnehmer 07",
                "organizational_role": "",
                "timezone": "Europe/Berlin",
                "valid_from": "",
                "valid_until": ""
              }
            ],
            "connection_groups": [],
            "connections": [
              "59"
            ],
            "group_membership": [],
            "id": "ecommerce-07",
            "last_active": "0",
            "password": "",
            "system_permissions": [],
            "username": "ecommerce-07"
          },
          "sensitive_attributes": [],
          "private": "bnVsbA==",
          "dependencies": [
            "guacamole_connection_rdp.connection"
          ]
        },
        {
          "index_key": 7,
          "schema_version": 0,
          "attributes": {
            "attributes": [
              {
                "access_window_end": "",
                "access_window_start": "",
                "disabled": false,
                "email": "",
                "expired": false,
                "full_name": "Schulungsteilnehmer 08",
                "organizational_role": "",
                "timezone": "Europe/Berlin",
                "valid_from": "",
                "valid_until": ""
              }
            ],
            "connection_groups": [],
            "connections": [
              "50"
            ],
            "group_membership": [],
            "id": "ecommerce-08",
            "last_active": "0",
            "password": "",
            "system_permissions": [],
            "username": "ecommerce-08"
          },
          "sensitive_attributes": [],
          "private": "bnVsbA==",
          "dependencies": [
            "guacamole_connection_rdp.connection"
          ]
        },
        {
          "index_key": 8,
          "schema_version": 0,
          "attributes": {
            "attributes": [
              {
                "access_window_end": "",
                "access_window_start": "",
                "disabled": false,
                "email": "",
                "expired": false,
                "full_name": "Schulungsteilnehmer 09",
                "organizational_role": "",
                "timezone": "Europe/Berlin",
                "valid_from": "",
                "valid_until": ""
              }
            ],
            "connection_groups": [],
            "connections": [
              "51"
            ],
            "group_membership": [],
            "id": "ecommerce-09",
            "last_active": "0",
            "password": "",
            "system_permissions": [],
            "username": "ecommerce-09"
          },
          "sensitive_attributes": [],
          "private": "bnVsbA==",
          "dependencies": [
            "guacamole_connection_rdp.connection"
          ]
        },
        {
          "index_key": 9,
          "schema_version": 0,
          "attributes": {
            "attributes": [
              {
                "access_window_end": "",
                "access_window_start": "",
                "disabled": false,
                "email": "",
                "expired": false,
                "full_name": "Schulungsteilnehmer 10",
                "organizational_role": "",
                "timezone": "Europe/Berlin",
                "valid_from": "",
                "valid_until": ""
              }
            ],
            "connection_groups": [],
            "connections": [
              "53"
            ],
            "group_membership": [],
            "id": "ecommerce-10",
            "last_active": "0",
            "password": "",
            "system_permissions": [],
            "username": "ecommerce-10"
          },
          "sensitive_attributes": [],
          "private": "bnVsbA==",
          "dependencies": [
            "guacamole_connection_rdp.connection"
          ]
        }
      ]
    }
  ]
}
